
Microsoft Visual Studio Solution File, Format Version 12.00
# Visual Studio Version 17
VisualStudioVersion = 17.1.32421.90
MinimumVisualStudioVersion = 10.0.40219.1
Project("{FAE04EC0-301F-11D3-BF4B-00C04F79EFBC}") = "1.feladat", "1.feladat\1.feladat.csproj", "{4DDD718F-9766-4AA8-AB0A-8DA2018AD06E}"
EndProject
Global
	GlobalSection(SolutionConfigurationPlatforms) = preSolution
		Debug|Any CPU = Debug|Any CPU
		Release|Any CPU = Release|Any CPU
	EndGlobalSection
	GlobalSection(ProjectConfigurationPlatforms) = postSolution
		{4DDD718F-9766-4AA8-AB0A-8DA2018AD06E}.Debug|Any CPU.ActiveCfg = Debug|Any CPU
		{4DDD718F-9766-4AA8-AB0A-8DA2018AD06E}.Debug|Any CPU.Build.0 = Debug|Any CPU
		{4DDD718F-9766-4AA8-AB0A-8DA2018AD06E}.Release|Any CPU.ActiveCfg = Release|Any CPU
		{4DDD718F-9766-4AA8-AB0A-8DA2018AD06E}.Release|Any CPU.Build.0 = Release|Any CPU
	EndGlobalSection
	GlobalSection(SolutionProperties) = preSolution
		HideSolutionNode = FALSE
	EndGlobalSection
	GlobalSection(ExtensibilityGlobals) = postSolution
		SolutionGuid = {892D7AAF-D6A8-4D3E-9008-7A1AA64133F7}
	EndGlobalSection
EndGlobal
